
Microsoft Visual Studio Solution File, Format Version 12.00
# Visual Studio Version 16
VisualStudioVersion = 16.0.30517.126
MinimumVisualStudioVersion = 10.0.40219.1
Project("{888888A0-9F3D-457C-B088-3A5042F75D52}") = "CodeFormatter(Java)", "CodeFormatter(Java)\CodeFormatter(Java).pyproj", "{BFB83E25-60D5-4F33-B2D1-99FEB77FE543}"
EndProject
Project("{888888A0-9F3D-457C-B088-3A5042F75D52}") = "CodeConventionModifier(Java)", "CodeConventionModifier(Java)\CodeConventionModifier(Java).pyproj", "{A7B7BA9A-C13F-4043-8DEF-6C6B22A528C5}"
EndProject
Global
	GlobalSection(SolutionConfigurationPlatforms) = preSolution
		Debug|Any CPU = Debug|Any CPU
		Release|Any CPU = Release|Any CPU
	EndGlobalSection
	GlobalSection(ProjectConfigurationPlatforms) = postSolution
		{BFB83E25-60D5-4F33-B2D1-99FEB77FE543}.Debug|Any CPU.ActiveCfg = Debug|Any CPU
		{BFB83E25-60D5-4F33-B2D1-99FEB77FE543}.Release|Any CPU.ActiveCfg = Release|Any CPU
		{A7B7BA9A-C13F-4043-8DEF-6C6B22A528C5}.Debug|Any CPU.ActiveCfg = Debug|Any CPU
		{A7B7BA9A-C13F-4043-8DEF-6C6B22A528C5}.Release|Any CPU.ActiveCfg = Release|Any CPU
	EndGlobalSection
	GlobalSection(SolutionProperties) = preSolution
		HideSolutionNode = FALSE
	EndGlobalSection
	GlobalSection(ExtensibilityGlobals) = postSolution
		SolutionGuid = {1F919128-2B9D-4542-9DD6-D8CEAAAF486C}
	EndGlobalSection
EndGlobal
